<?xml version="1.0" encoding="utf-8"?>
<Project ToolsVersion="4.0" xmlns="http://schemas.microsoft.com/developer/msbuild/2003">
  <ItemGroup>
    <Filter Include="jni">
      <UniqueIdentifier>23f4fbe0-7b56-4b1f-ba7a-0d7adbe6fc92</UniqueIdentifier>
    </Filter>
    <Filter Include="res">
      <UniqueIdentifier>ab1dfcc3-c6c1-42eb-861a-bbd36fc2e338</UniqueIdentifier>
    </Filter>
    <Filter Include="res\values">
      <UniqueIdentifier>51f283c9-5a91-4556-950b-85c95c0c98b8</UniqueIdentifier>
    </Filter>
  </ItemGroup>
  <ItemGroup>
    <AndroidBuild Include="AndroidManifest.xml" />
    <AndroidBuild Include="res\values\strings.xml">
      <Filter>res\values</Filter>
    </AndroidBuild>
  </ItemGroup>
  <ItemGroup>
    <ClCompile Include="jni\main.cpp">
      <Filter>jni</Filter>
    </ClCompile>
    <ClCompile Include="..\native_app_glue\android_native_app_glue.c" />
  </ItemGroup>
  <ItemGroup>
    <ClInclude Include="..\native_app_glue\android_native_app_glue.h" />
  </ItemGroup>
</Project>